
Microsoft Visual Studio Solution File, Format Version 12.00
# Visual Studio Version 17
VisualStudioVersion = 17.8.34525.116
MinimumVisualStudioVersion = 10.0.40219.1
Project("{FAE04EC0-301F-11D3-BF4B-00C04F79EFBC}") = "Lab 25 Danylko", "Lab 25 Danylko.csproj", "{1D081AB4-CA89-4D49-BB41-B2E84F43865B}"
EndProject
Global
	GlobalSection(SolutionConfigurationPlatforms) = preSolution
		Debug|Any CPU = Debug|Any CPU
		Release|Any CPU = Release|Any CPU
	EndGlobalSection
	GlobalSection(ProjectConfigurationPlatforms) = postSolution
		{1D081AB4-CA89-4D49-BB41-B2E84F43865B}.Debug|Any CPU.ActiveCfg = Debug|Any CPU
		{1D081AB4-CA89-4D49-BB41-B2E84F43865B}.Debug|Any CPU.Build.0 = Debug|Any CPU
		{1D081AB4-CA89-4D49-BB41-B2E84F43865B}.Release|Any CPU.ActiveCfg = Release|Any CPU
		{1D081AB4-CA89-4D49-BB41-B2E84F43865B}.Release|Any CPU.Build.0 = Release|Any CPU
	EndGlobalSection
	GlobalSection(SolutionProperties) = preSolution
		HideSolutionNode = FALSE
	EndGlobalSection
	GlobalSection(ExtensibilityGlobals) = postSolution
		SolutionGuid = {5EF5991D-14FB-4501-A786-6C6686248BA3}
	EndGlobalSection
EndGlobal
